// !$*UTF8*$!
{
	archiveVersion = 1;
	classes = {
	};
	objectVersion = 50;
	objects = {

/* Begin PBXBuildFile section */
		041F1D8C2749602E004DA1CA /* google-logo.jpg in Resources */ = {isa = PBXBuildFile; fileRef = 041F1D8B2749602E004DA1CA /* google-logo.jpg */; };
		041F1D8F274960DE004DA1CA /* InfoEventoVC.swift in Sources */ = {isa = PBXBuildFile; fileRef = 041F1D8E274960DE004DA1CA /* InfoEventoVC.swift */; };
		041F1D92274966D7004DA1CA /* sergio.jpg in Resources */ = {isa = PBXBuildFile; fileRef = 041F1D91274966D7004DA1CA /* sergio.jpg */; };
		04FBC73B2748584E00672F13 /* Viaje.jpeg in Resources */ = {isa = PBXBuildFile; fileRef = 04FBC73A2748584D00672F13 /* Viaje.jpeg */; };
		04FBC7402748589800672F13 /* Salida.jpeg in Resources */ = {isa = PBXBuildFile; fileRef = 04FBC73E2748589800672F13 /* Salida.jpeg */; };
		04FBC7412748589800672F13 /* Cita.jpeg in Resources */ = {isa = PBXBuildFile; fileRef = 04FBC73F2748589800672F13 /* Cita.jpeg */; };
		4315F5C72741B64F00CCE47E /* AppDelegate.swift in Sources */ = {isa = PBXBuildFile; fileRef = 4315F5C62741B64F00CCE47E /* AppDelegate.swift */; };
		4315F5C92741B64F00CCE47E /* SceneDelegate.swift in Sources */ = {isa = PBXBuildFile; fileRef = 4315F5C82741B64F00CCE47E /* SceneDelegate.swift */; };
		4315F5CB2741B64F00CCE47E /* ViewController.swift in Sources */ = {isa = PBXBuildFile; fileRef = 4315F5CA2741B64F00CCE47E /* ViewController.swift */; };
		4315F5CE2741B64F00CCE47E /* Main.storyboard in Resources */ = {isa = PBXBuildFile; fileRef = 4315F5CC2741B64F00CCE47E /* Main.storyboard */; };
		4315F5D02741B65000CCE47E /* Assets.xcassets in Resources */ = {isa = PBXBuildFile; fileRef = 4315F5CF2741B65000CCE47E /* Assets.xcassets */; };
		4315F5D32741B65000CCE47E /* LaunchScreen.storyboard in Resources */ = {isa = PBXBuildFile; fileRef = 4315F5D12741B65000CCE47E /* LaunchScreen.storyboard */; };
		4352E8102741F95500FB9855 /* Evento.swift in Sources */ = {isa = PBXBuildFile; fileRef = 4352E80F2741F95500FB9855 /* Evento.swift */; };
		4352E8142742044D00FB9855 /* CrearEventoVC.swift in Sources */ = {isa = PBXBuildFile; fileRef = 4352E8132742044D00FB9855 /* CrearEventoVC.swift */; };
		7BEF7431274747400036E3C2 /* MapViewController.swift in Sources */ = {isa = PBXBuildFile; fileRef = 7BEF7430274747400036E3C2 /* MapViewController.swift */; };
/* End PBXBuildFile section */

/* Begin PBXFileReference section */
		041F1D8B2749602E004DA1CA /* google-logo.jpg */ = {isa = PBXFileReference; lastKnownFileType = image.jpeg; path = "google-logo.jpg"; sourceTree = "<group>"; };
		041F1D8E274960DE004DA1CA /* InfoEventoVC.swift */ = {isa = PBXFileReference; lastKnownFileType = sourcecode.swift; path = InfoEventoVC.swift; sourceTree = "<group>"; };
		041F1D91274966D7004DA1CA /* sergio.jpg */ = {isa = PBXFileReference; lastKnownFileType = image.jpeg; path = sergio.jpg; sourceTree = "<group>"; };
		04FBC73A2748584D00672F13 /* Viaje.jpeg */ = {isa = PBXFileReference; lastKnownFileType = image.jpeg; path = Viaje.jpeg; sourceTree = "<group>"; };
		04FBC73E2748589800672F13 /* Salida.jpeg */ = {isa = PBXFileReference; lastKnownFileType = image.jpeg; path = Salida.jpeg; sourceTree = "<group>"; };
		04FBC73F2748589800672F13 /* Cita.jpeg */ = {isa = PBXFileReference; lastKnownFileType = image.jpeg; path = Cita.jpeg; sourceTree = "<group>"; };
		4315F5C32741B64F00CCE47E /* GestorDeViajesiOS.app */ = {isa = PBXFileReference; explicitFileType = wrapper.application; includeInIndex = 0; path = GestorDeViajesiOS.app; sourceTree = BUILT_PRODUCTS_DIR; };
		4315F5C62741B64F00CCE47E /* AppDelegate.swift */ = {isa = PBXFileReference; lastKnownFileType = sourcecode.swift; path = AppDelegate.swift; sourceTree = "<group>"; };
		4315F5C82741B64F00CCE47E /* SceneDelegate.swift */ = {isa = PBXFileReference; lastKnownFileType = sourcecode.swift; path = SceneDelegate.swift; sourceTree = "<group>"; };
		4315F5CA2741B64F00CCE47E /* ViewController.swift */ = {isa = PBXFileReference; lastKnownFileType = sourcecode.swift; path = ViewController.swift; sourceTree = "<group>"; };
		4315F5CD2741B64F00CCE47E /* Base */ = {isa = PBXFileReference; lastKnownFileType = file.storyboard; name = Base; path = Base.lproj/Main.storyboard; sourceTree = "<group>"; };
		4315F5CF2741B65000CCE47E /* Assets.xcassets */ = {isa = PBXFileReference; lastKnownFileType = folder.assetcatalog; path = Assets.xcassets; sourceTree = "<group>"; };
		4315F5D22741B65000CCE47E /* Base */ = {isa = PBXFileReference; lastKnownFileType = file.storyboard; name = Base; path = Base.lproj/LaunchScreen.storyboard; sourceTree = "<group>"; };
		4315F5D42741B65000CCE47E /* Info.plist */ = {isa = PBXFileReference; lastKnownFileType = text.plist.xml; path = Info.plist; sourceTree = "<group>"; };
		4352E80F2741F95500FB9855 /* Evento.swift */ = {isa = PBXFileReference; lastKnownFileType = sourcecode.swift; path = Evento.swift; sourceTree = "<group>"; };
		4352E8132742044D00FB9855 /* CrearEventoVC.swift */ = {isa = PBXFileReference; lastKnownFileType = sourcecode.swift; path = CrearEventoVC.swift; sourceTree = "<group>"; };
		7BEF7430274747400036E3C2 /* MapViewController.swift */ = {isa = PBXFileReference; lastKnownFileType = sourcecode.swift; path = MapViewController.swift; sourceTree = "<group>"; };
/* End PBXFileReference section */

/* Begin PBXFrameworksBuildPhase section */
		4315F5C02741B64F00CCE47E /* Frameworks */ = {
			isa = PBXFrameworksBuildPhase;
			buildActionMask = 2147483647;
			files = (
			);
			runOnlyForDeploymentPostprocessing = 0;
		};
/* End PBXFrameworksBuildPhase section */

/* Begin PBXGroup section */
		4315F5BA2741B64F00CCE47E = {
			isa = PBXGroup;
			children = (
				4315F5C52741B64F00CCE47E /* GestorDeViajesiOS */,
				4315F5C42741B64F00CCE47E /* Products */,
			);
			sourceTree = "<group>";
		};
		4315F5C42741B64F00CCE47E /* Products */ = {
			isa = PBXGroup;
			children = (
				4315F5C32741B64F00CCE47E /* GestorDeViajesiOS.app */,
			);
			name = Products;
			sourceTree = "<group>";
		};
		4315F5C52741B64F00CCE47E /* GestorDeViajesiOS */ = {
			isa = PBXGroup;
			children = (
				041F1D91274966D7004DA1CA /* sergio.jpg */,
				041F1D8B2749602E004DA1CA /* google-logo.jpg */,
				04FBC73F2748589800672F13 /* Cita.jpeg */,
				04FBC73E2748589800672F13 /* Salida.jpeg */,
				04FBC73A2748584D00672F13 /* Viaje.jpeg */,
				4315F5C62741B64F00CCE47E /* AppDelegate.swift */,
				4315F5C82741B64F00CCE47E /* SceneDelegate.swift */,
				4315F5CA2741B64F00CCE47E /* ViewController.swift */,
				4315F5CC2741B64F00CCE47E /* Main.storyboard */,
				4315F5CF2741B65000CCE47E /* Assets.xcassets */,
				4315F5D12741B65000CCE47E /* LaunchScreen.storyboard */,
				4315F5D42741B65000CCE47E /* Info.plist */,
				4352E80F2741F95500FB9855 /* Evento.swift */,
				4352E8132742044D00FB9855 /* CrearEventoVC.swift */,
				7BEF7430274747400036E3C2 /* MapViewController.swift */,
				041F1D8E274960DE004DA1CA /* InfoEventoVC.swift */,
			);
			path = GestorDeViajesiOS;
			sourceTree = "<group>";
		};
/* End PBXGroup section */

/* Begin PBXNativeTarget section */
		4315F5C22741B64F00CCE47E /* GestorDeViajesiOS */ = {
			isa = PBXNativeTarget;
			buildConfigurationList = 4315F5D72741B65000CCE47E /* Build configuration list for PBXNativeTarget "GestorDeViajesiOS" */;
			buildPhases = (
				4315F5BF2741B64F00CCE47E /* Sources */,
				4315F5C02741B64F00CCE47E /* Frameworks */,
				4315F5C12741B64F00CCE47E /* Resources */,
			);
			buildRules = (
			);
			dependencies = (
			);
			name = GestorDeViajesiOS;
			productName = GestorDeViajesiOS;
			productReference = 4315F5C32741B64F00CCE47E /* GestorDeViajesiOS.app */;
			productType = "com.apple.product-type.application";
		};
/* End PBXNativeTarget section */

/* Begin PBXProject section */
		4315F5BB2741B64F00CCE47E /* Project object */ = {
			isa = PBXProject;
			attributes = {
				LastSwiftUpdateCheck = 1240;
				LastUpgradeCheck = 1240;
				TargetAttributes = {
					4315F5C22741B64F00CCE47E = {
						CreatedOnToolsVersion = 12.4;
					};
				};
			};
			buildConfigurationList = 4315F5BE2741B64F00CCE47E /* Build configuration list for PBXProject "GestorDeViajesiOS" */;
			compatibilityVersion = "Xcode 9.3";
			developmentRegion = en;
			hasScannedForEncodings = 0;
			knownRegions = (
				en,
				Base,
			);
			mainGroup = 4315F5BA2741B64F00CCE47E;
			productRefGroup = 4315F5C42741B64F00CCE47E /* Products */;
			projectDirPath = "";
			projectRoot = "";
			targets = (
				4315F5C22741B64F00CCE47E /* GestorDeViajesiOS */,
			);
		};
/* End PBXProject section */

/* Begin PBXResourcesBuildPhase section */
		4315F5C12741B64F00CCE47E /* Resources */ = {
			isa = PBXResourcesBuildPhase;
			buildActionMask = 2147483647;
			files = (
				4315F5D32741B65000CCE47E /* LaunchScreen.storyboard in Resources */,
				04FBC73B2748584E00672F13 /* Viaje.jpeg in Resources */,
				041F1D92274966D7004DA1CA /* sergio.jpg in Resources */,
				4315F5D02741B65000CCE47E /* Assets.xcassets in Resources */,
				041F1D8C2749602E004DA1CA /* google-logo.jpg in Resources */,
				04FBC7402748589800672F13 /* Salida.jpeg in Resources */,
				04FBC7412748589800672F13 /* Cita.jpeg in Resources */,
				4315F5CE2741B64F00CCE47E /* Main.storyboard in Resources */,
			);
			runOnlyForDeploymentPostprocessing = 0;
		};
/* End PBXResourcesBuildPhase section */

/* Begin PBXSourcesBuildPhase section */
		4315F5BF2741B64F00CCE47E /* Sources */ = {
			isa = PBXSourcesBuildPhase;
			buildActionMask = 2147483647;
			files = (
				4315F5CB2741B64F00CCE47E /* ViewController.swift in Sources */,
				7BEF7431274747400036E3C2 /* MapViewController.swift in Sources */,
				4352E8142742044D00FB9855 /* CrearEventoVC.swift in Sources */,
				4315F5C72741B64F00CCE47E /* AppDelegate.swift in Sources */,
				041F1D8F274960DE004DA1CA /* InfoEventoVC.swift in Sources */,
				4315F5C92741B64F00CCE47E /* SceneDelegate.swift in Sources */,
				4352E8102741F95500FB9855 /* Evento.swift in Sources */,
			);
			runOnlyForDeploymentPostprocessing = 0;
		};
/* End PBXSourcesBuildPhase section */

/* Begin PBXVariantGroup section */
		4315F5CC2741B64F00CCE47E /* Main.storyboard */ = {
			isa = PBXVariantGroup;
			children = (
				4315F5CD2741B64F00CCE47E /* Base */,
			);
			name = Main.storyboard;
			sourceTree = "<group>";
		};
		4315F5D12741B65000CCE47E /* LaunchScreen.storyboard */ = {
			isa = PBXVariantGroup;
			children = (
				4315F5D22741B65000CCE47E /* Base */,
			);
			name = LaunchScreen.storyboard;
			sourceTree = "<group>";
		};
/* End PBXVariantGroup section */

/* Begin XCBuildConfiguration section */
		4315F5D52741B65000CCE47E /* Debug */ = {
			isa = XCBuildConfiguration;
			buildSettings = {
				ALWAYS_SEARCH_USER_PATHS = NO;
				CLANG_ANALYZER_NONNULL = YES;
				CLANG_ANALYZER_NUMBER_OBJECT_CONVERSION = YES_AGGRESSIVE;
				CLANG_CXX_LANGUAGE_STANDARD = "gnu++14";
				CLANG_CXX_LIBRARY = "libc++";
				CLANG_ENABLE_MODULES = YES;
				CLANG_ENABLE_OBJC_ARC = YES;
				CLANG_ENABLE_OBJC_WEAK = YES;
				CLANG_WARN_BLOCK_CAPTURE_AUTORELEASING = YES;
				CLANG_WARN_BOOL_CONVERSION = YES;
				CLANG_WARN_COMMA = YES;
				CLANG_WARN_CONSTANT_CONVERSION = YES;
				CLANG_WARN_DEPRECATED_OBJC_IMPLEMENTATIONS = YES;
				CLANG_WARN_DIRECT_OBJC_ISA_USAGE = YES_ERROR;
				CLANG_WARN_DOCUMENTATION_COMMENTS = YES;
				CLANG_WARN_EMPTY_BODY = YES;
				CLANG_WARN_ENUM_CONVERSION = YES;
				CLANG_WARN_INFINITE_RECURSION = YES;
				CLANG_WARN_INT_CONVERSION = YES;
				CLANG_WARN_NON_LITERAL_NULL_CONVERSION = YES;
				CLANG_WARN_OBJC_IMPLICIT_RETAIN_SELF = YES;
				CLANG_WARN_OBJC_LITERAL_CONVERSION = YES;
				CLANG_WARN_OBJC_ROOT_CLASS = YES_ERROR;
				CLANG_WARN_QUOTED_INCLUDE_IN_FRAMEWORK_HEADER = YES;
				CLANG_WARN_RANGE_LOOP_ANALYSIS = YES;
				CLANG_WARN_STRICT_PROTOTYPES = YES;
				CLANG_WARN_SUSPICIOUS_MOVE = YES;
				CLANG_WARN_UNGUARDED_AVAILABILITY = YES_AGGRESSIVE;
				CLANG_WARN_UNREACHABLE_CODE = YES;
				CLANG_WARN__DUPLICATE_METHOD_MATCH = YES;
				COPY_PHASE_STRIP = NO;
				DEBUG_INFORMATION_FORMAT = dwarf;
				ENABLE_STRICT_OBJC_MSGSEND = YES;
				ENABLE_TESTABILITY = YES;
				GCC_C_LANGUAGE_STANDARD = gnu11;
				GCC_DYNAMIC_NO_PIC = NO;
				GCC_NO_COMMON_BLOCKS = YES;
				GCC_OPTIMIZATION_LEVEL = 0;
				GCC_PREPROCESSOR_DEFINITIONS = (
					"DEBUG=1",
					"$(inherited)",
				);
				GCC_WARN_64_TO_32_BIT_CONVERSION = YES;
				GCC_WARN_ABOUT_RETURN_TYPE = YES_ERROR;
				GCC_WARN_UNDECLARED_SELECTOR = YES;
				GCC_WARN_UNINITIALIZED_AUTOS = YES_AGGRESSIVE;
				GCC_WARN_UNUSED_FUNCTION = YES;
				GCC_WARN_UNUSED_VARIABLE = YES;
				IPHONEOS_DEPLOYMENT_TARGET = 14.4;
				MTL_ENABLE_DEBUG_INFO = INCLUDE_SOURCE;
				MTL_FAST_MATH = YES;
				ONLY_ACTIVE_ARCH = YES;
				SDKROOT = iphoneos;
				SWIFT_ACTIVE_COMPILATION_CONDITIONS = DEBUG;
				SWIFT_OPTIMIZATION_LEVEL = "-Onone";
			};
			name = Debug;
		};
		4315F5D62741B65000CCE47E /* Release */ = {
			isa = XCBuildConfiguration;
			buildSettings = {
				ALWAYS_SEARCH_USER_PATHS = NO;
				CLANG_ANALYZER_NONNULL = YES;
				CLANG_ANALYZER_NUMBER_OBJECT_CONVERSION = YES_AGGRESSIVE;
				CLANG_CXX_LANGUAGE_STANDARD = "gnu++14";
				CLANG_CXX_LIBRARY = "libc++";
				CLANG_ENABLE_MODULES = YES;
				CLANG_ENABLE_OBJC_ARC = YES;
				CLANG_ENABLE_OBJC_WEAK = YES;
				CLANG_WARN_BLOCK_CAPTURE_AUTORELEASING = YES;
				CLANG_WARN_BOOL_CONVERSION = YES;
				CLANG_WARN_COMMA = YES;
				CLANG_WARN_CONSTANT_CONVERSION = YES;
				CLANG_WARN_DEPRECATED_OBJC_IMPLEMENTATIONS = YES;
				CLANG_WARN_DIRECT_OBJC_ISA_USAGE = YES_ERROR;
				CLANG_WARN_DOCUMENTATION_COMMENTS = YES;
				CLANG_WARN_EMPTY_BODY = YES;
				CLANG_WARN_ENUM_CONVERSION = YES;
				CLANG_WARN_INFINITE_RECURSION = YES;
				CLANG_WARN_INT_CONVERSION = YES;
				CLANG_WARN_NON_LITERAL_NULL_CONVERSION = YES;
				CLANG_WARN_OBJC_IMPLICIT_RETAIN_SELF = YES;
				CLANG_WARN_OBJC_LITERAL_CONVERSION = YES;
				CLANG_WARN_OBJC_ROOT_CLASS = YES_ERROR;
				CLANG_WARN_QUOTED_INCLUDE_IN_FRAMEWORK_HEADER = YES;
				CLANG_WARN_RANGE_LOOP_ANALYSIS = YES;
				CLANG_WARN_STRICT_PROTOTYPES = YES;
				CLANG_WARN_SUSPICIOUS_MOVE = YES;
				CLANG_WARN_UNGUARDED_AVAILABILITY = YES_AGGRESSIVE;
				CLANG_WARN_UNREACHABLE_CODE = YES;
				CLANG_WARN__DUPLICATE_METHOD_MATCH = YES;
				COPY_PHASE_STRIP = NO;
				DEBUG_INFORMATION_FORMAT = "dwarf-with-dsym";
				ENABLE_NS_ASSERTIONS = NO;
				ENABLE_STRICT_OBJC_MSGSEND = YES;
				GCC_C_LANGUAGE_STANDARD = gnu11;
				GCC_NO_COMMON_BLOCKS = YES;
				GCC_WARN_64_TO_32_BIT_CONVERSION = YES;
				GCC_WARN_ABOUT_RETURN_TYPE = YES_ERROR;
				GCC_WARN_UNDECLARED_SELECTOR = YES;
				GCC_WARN_UNINITIALIZED_AUTOS = YES_AGGRESSIVE;
				GCC_WARN_UNUSED_FUNCTION = YES;
				GCC_WARN_UNUSED_VARIABLE = YES;
				IPHONEOS_DEPLOYMENT_TARGET = 14.4;
				MTL_ENABLE_DEBUG_INFO = NO;
				MTL_FAST_MATH = YES;
				SDKROOT = iphoneos;
				SWIFT_COMPILATION_MODE = wholemodule;
				SWIFT_OPTIMIZATION_LEVEL = "-O";
				VALIDATE_PRODUCT = YES;
			};
			name = Release;
		};
		4315F5D82741B65000CCE47E /* Debug */ = {
			isa = XCBuildConfiguration;
			buildSettings = {
				ASSETCATALOG_COMPILER_APPICON_NAME = AppIcon;
				ASSETCATALOG_COMPILER_GLOBAL_ACCENT_COLOR_NAME = AccentColor;
				CODE_SIGN_STYLE = Automatic;
				INFOPLIST_FILE = GestorDeViajesiOS/Info.plist;
				LD_RUNPATH_SEARCH_PATHS = (
					"$(inherited)",
					"@executable_path/Frameworks",
				);
				PRODUCT_BUNDLE_IDENTIFIER = mx.itesm.noobmasters.GestorDeViajesiOS;
				PRODUCT_NAME = "$(TARGET_NAME)";
				SWIFT_VERSION = 5.0;
				TARGETED_DEVICE_FAMILY = "1,2";
			};
			name = Debug;
		};
		4315F5D92741B65000CCE47E /* Release */ = {
			isa = XCBuildConfiguration;
			buildSettings = {
				ASSETCATALOG_COMPILER_APPICON_NAME = AppIcon;
				ASSETCATALOG_COMPILER_GLOBAL_ACCENT_COLOR_NAME = AccentColor;
				CODE_SIGN_STYLE = Automatic;
				INFOPLIST_FILE = GestorDeViajesiOS/Info.plist;
				LD_RUNPATH_SEARCH_PATHS = (
					"$(inherited)",
					"@executable_path/Frameworks",
				);
				PRODUCT_BUNDLE_IDENTIFIER = mx.itesm.noobmasters.GestorDeViajesiOS;
				PRODUCT_NAME = "$(TARGET_NAME)";
				SWIFT_VERSION = 5.0;
				TARGETED_DEVICE_FAMILY = "1,2";
			};
			name = Release;
		};
/* End XCBuildConfiguration section */

/* Begin XCConfigurationList section */
		4315F5BE2741B64F00CCE47E /* Build configuration list for PBXProject "GestorDeViajesiOS" */ = {
			isa = XCConfigurationList;
			buildConfigurations = (
				4315F5D52741B65000CCE47E /* Debug */,
				4315F5D62741B65000CCE47E /* Release */,
			);
			defaultConfigurationIsVisible = 0;
			defaultConfigurationName = Release;
		};
		4315F5D72741B65000CCE47E /* Build configuration list for PBXNativeTarget "GestorDeViajesiOS" */ = {
			isa = XCConfigurationList;
			buildConfigurations = (
				4315F5D82741B65000CCE47E /* Debug */,
				4315F5D92741B65000CCE47E /* Release */,
			);
			defaultConfigurationIsVisible = 0;
			defaultConfigurationName = Release;
		};
/* End XCConfigurationList section */
	};
	rootObject = 4315F5BB2741B64F00CCE47E /* Project object */;
}
